<?xml version="1.0" encoding="utf-8"?>
<Project ToolsVersion="4.0" xmlns="http://schemas.microsoft.com/developer/msbuild/2003">
  <ItemGroup>
    <Filter Include="src">
      <UniqueIdentifier>{2da716a5-dbe4-49c3-b4ab-a6ea5d04390b}</UniqueIdentifier>
    </Filter>
  </ItemGroup>
  <ItemGroup>
    <ClCompile Include="..\..\src\auth.c">
      <Filter>src</Filter>
    </ClCompile>
    <ClCompile Include="..\..\src\cgi.c">
      <Filter>src</Filter>
    </ClCompile>
    <ClCompile Include="..\..\src\compat_win32.c">
      <Filter>src</Filter>
    </ClCompile>
    <ClCompile Include="..\..\src\io_cgi.c">
      <Filter>src</Filter>
    </ClCompile>
    <ClCompile Include="..\..\src\io_dir.c">
      <Filter>src</Filter>
    </ClCompile>
    <ClCompile Include="..\..\src\io_emb.c">
      <Filter>src</Filter>
    </ClCompile>
    <ClCompile Include="..\..\src\io_file.c">
      <Filter>src</Filter>
    </ClCompile>
    <ClCompile Include="..\..\src\io_socket.c">
      <Filter>src</Filter>
    </ClCompile>
    <ClCompile Include="..\..\src\io_ssi.c">
      <Filter>src</Filter>
    </ClCompile>
    <ClCompile Include="..\..\src\io_ssl.c">
      <Filter>src</Filter>
    </ClCompile>
    <ClCompile Include="..\..\src\log.c">
      <Filter>src</Filter>
    </ClCompile>
    <ClCompile Include="..\..\src\md5.c">
      <Filter>src</Filter>
    </ClCompile>
    <ClCompile Include="..\..\src\shttpd.c">
      <Filter>src</Filter>
    </ClCompile>
    <ClCompile Include="..\..\src\string.c">
      <Filter>src</Filter>
    </ClCompile>
  </ItemGroup>
  <ItemGroup>
    <ClInclude Include="..\..\src\compat_win32.h">
      <Filter>src</Filter>
    </ClInclude>
    <ClInclude Include="..\..\src\config.h">
      <Filter>src</Filter>
    </ClInclude>
    <ClInclude Include="..\..\src\defs.h">
      <Filter>src</Filter>
    </ClInclude>
    <ClInclude Include="..\..\src\io.h">
      <Filter>src</Filter>
    </ClInclude>
    <ClInclude Include="..\..\src\llist.h">
      <Filter>src</Filter>
    </ClInclude>
    <ClInclude Include="..\..\src\md5.h">
      <Filter>src</Filter>
    </ClInclude>
    <ClInclude Include="..\..\src\shttpd.h">
      <Filter>src</Filter>
    </ClInclude>
    <ClInclude Include="..\..\src\ssl.h">
      <Filter>src</Filter>
    </ClInclude>
    <ClInclude Include="..\..\src\std_includes.h">
      <Filter>src</Filter>
    </ClInclude>
  </ItemGroup>
</Project>